// !$*UTF8*$!
{
	archiveVersion = 1;
	classes = {
	};
	objectVersion = 46;
	objects = {

/* Begin PBXBuildFile section */
		84601595213D1D8F007A23D4 /* AppDelegate.swift in Sources */ = {isa = PBXBuildFile; fileRef = 84601594213D1D8F007A23D4 /* AppDelegate.swift */; };
		84601597213D1D8F007A23D4 /* RecordSoundsViewController.swift in Sources */ = {isa = PBXBuildFile; fileRef = 84601596213D1D8F007A23D4 /* RecordSoundsViewController.swift */; };
		8460159A213D1D8F007A23D4 /* Main.storyboard in Resources */ = {isa = PBXBuildFile; fileRef = 84601598213D1D8F007A23D4 /* Main.storyboard */; };
		8460159C213D1D8F007A23D4 /* Assets.xcassets in Resources */ = {isa = PBXBuildFile; fileRef = 8460159B213D1D8F007A23D4 /* Assets.xcassets */; };
		8460159F213D1D8F007A23D4 /* LaunchScreen.storyboard in Resources */ = {isa = PBXBuildFile; fileRef = 8460159D213D1D8F007A23D4 /* LaunchScreen.storyboard */; };
		84993C27213FB0AC009ABB9F /* playSoundsViewController-audio.swift in Sources */ = {isa = PBXBuildFile; fileRef = 84993C26213FB0AC009ABB9F /* playSoundsViewController-audio.swift */; };
		84C6F81D213F862C006E26BF /* playSoundsViewController.swift in Sources */ = {isa = PBXBuildFile; fileRef = 84C6F81C213F862C006E26BF /* playSoundsViewController.swift */; };
/* End PBXBuildFile section */

/* Begin PBXFileReference section */
		84601591213D1D8F007A23D4 /* pitchperfect.app */ = {isa = PBXFileReference; explicitFileType = wrapper.application; includeInIndex = 0; path = pitchperfect.app; sourceTree = BUILT_PRODUCTS_DIR; };
		84601594213D1D8F007A23D4 /* AppDelegate.swift */ = {isa = PBXFileReference; lastKnownFileType = sourcecode.swift; path = AppDelegate.swift; sourceTree = "<group>"; };
		84601596213D1D8F007A23D4 /* RecordSoundsViewController.swift */ = {isa = PBXFileReference; lastKnownFileType = sourcecode.swift; path = RecordSoundsViewController.swift; sourceTree = "<group>"; };
		84601599213D1D8F007A23D4 /* Base */ = {isa = PBXFileReference; lastKnownFileType = file.storyboard; name = Base; path = Base.lproj/Main.storyboard; sourceTree = "<group>"; };
		8460159B213D1D8F007A23D4 /* Assets.xcassets */ = {isa = PBXFileReference; lastKnownFileType = folder.assetcatalog; path = Assets.xcassets; sourceTree = "<group>"; };
		8460159E213D1D8F007A23D4 /* Base */ = {isa = PBXFileReference; lastKnownFileType = file.storyboard; name = Base; path = Base.lproj/LaunchScreen.storyboard; sourceTree = "<group>"; };
		846015A0213D1D8F007A23D4 /* Info.plist */ = {isa = PBXFileReference; lastKnownFileType = text.plist.xml; path = Info.plist; sourceTree = "<group>"; };
		84993C26213FB0AC009ABB9F /* playSoundsViewController-audio.swift */ = {isa = PBXFileReference; fileEncoding = 4; lastKnownFileType = sourcecode.swift; path = "playSoundsViewController-audio.swift"; sourceTree = "<group>"; };
		84C6F81C213F862C006E26BF /* playSoundsViewController.swift */ = {isa = PBXFileReference; fileEncoding = 4; lastKnownFileType = sourcecode.swift; path = playSoundsViewController.swift; sourceTree = "<group>"; };
/* End PBXFileReference section */

/* Begin PBXFrameworksBuildPhase section */
		8460158E213D1D8F007A23D4 /* Frameworks */ = {
			isa = PBXFrameworksBuildPhase;
			buildActionMask = 2147483647;
			files = (
			);
			runOnlyForDeploymentPostprocessing = 0;
		};
/* End PBXFrameworksBuildPhase section */

/* Begin PBXGroup section */
		84601588213D1D8F007A23D4 = {
			isa = PBXGroup;
			children = (
				84601593213D1D8F007A23D4 /* pitchperfect */,
				84601592213D1D8F007A23D4 /* Products */,
			);
			sourceTree = "<group>";
		};
		84601592213D1D8F007A23D4 /* Products */ = {
			isa = PBXGroup;
			children = (
				84601591213D1D8F007A23D4 /* pitchperfect.app */,
			);
			name = Products;
			sourceTree = "<group>";
		};
		84601593213D1D8F007A23D4 /* pitchperfect */ = {
			isa = PBXGroup;
			children = (
				84601594213D1D8F007A23D4 /* AppDelegate.swift */,
				84601596213D1D8F007A23D4 /* RecordSoundsViewController.swift */,
				84601598213D1D8F007A23D4 /* Main.storyboard */,
				8460159B213D1D8F007A23D4 /* Assets.xcassets */,
				8460159D213D1D8F007A23D4 /* LaunchScreen.storyboard */,
				846015A0213D1D8F007A23D4 /* Info.plist */,
				84C6F81C213F862C006E26BF /* playSoundsViewController.swift */,
				84993C26213FB0AC009ABB9F /* playSoundsViewController-audio.swift */,
			);
			path = pitchperfect;
			sourceTree = "<group>";
		};
/* End PBXGroup section */

/* Begin PBXNativeTarget section */
		84601590213D1D8F007A23D4 /* pitchperfect */ = {
			isa = PBXNativeTarget;
			buildConfigurationList = 846015A3213D1D8F007A23D4 /* Build configuration list for PBXNativeTarget "pitchperfect" */;
			buildPhases = (
				8460158D213D1D8F007A23D4 /* Sources */,
				8460158E213D1D8F007A23D4 /* Frameworks */,
				8460158F213D1D8F007A23D4 /* Resources */,
			);
			buildRules = (
			);
			dependencies = (
			);
			name = pitchperfect;
			productName = pitchperfect;
			productReference = 84601591213D1D8F007A23D4 /* pitchperfect.app */;
			productType = "com.apple.product-type.application";
		};
/* End PBXNativeTarget section */

/* Begin PBXProject section */
		84601589213D1D8F007A23D4 /* Project object */ = {
			isa = PBXProject;
			attributes = {
				LastSwiftUpdateCheck = 0830;
				LastUpgradeCheck = 0830;
				ORGANIZATIONNAME = admin;
				TargetAttributes = {
					84601590213D1D8F007A23D4 = {
						CreatedOnToolsVersion = 8.3.1;
						ProvisioningStyle = Automatic;
					};
				};
			};
			buildConfigurationList = 8460158C213D1D8F007A23D4 /* Build configuration list for PBXProject "pitchperfect" */;
			compatibilityVersion = "Xcode 3.2";
			developmentRegion = English;
			hasScannedForEncodings = 0;
			knownRegions = (
				en,
				Base,
			);
			mainGroup = 84601588213D1D8F007A23D4;
			productRefGroup = 84601592213D1D8F007A23D4 /* Products */;
			projectDirPath = "";
			projectRoot = "";
			targets = (
				84601590213D1D8F007A23D4 /* pitchperfect */,
			);
		};
/* End PBXProject section */

/* Begin PBXResourcesBuildPhase section */
		8460158F213D1D8F007A23D4 /* Resources */ = {
			isa = PBXResourcesBuildPhase;
			buildActionMask = 2147483647;
			files = (
				8460159F213D1D8F007A23D4 /* LaunchScreen.storyboard in Resources */,
				8460159C213D1D8F007A23D4 /* Assets.xcassets in Resources */,
				8460159A213D1D8F007A23D4 /* Main.storyboard in Resources */,
			);
			runOnlyForDeploymentPostprocessing = 0;
		};
/* End PBXResourcesBuildPhase section */

/* Begin PBXSourcesBuildPhase section */
		8460158D213D1D8F007A23D4 /* Sources */ = {
			isa = PBXSourcesBuildPhase;
			buildActionMask = 2147483647;
			files = (
				84C6F81D213F862C006E26BF /* playSoundsViewController.swift in Sources */,
				84601597213D1D8F007A23D4 /* RecordSoundsViewController.swift in Sources */,
				84601595213D1D8F007A23D4 /* AppDelegate.swift in Sources */,
				84993C27213FB0AC009ABB9F /* playSoundsViewController-audio.swift in Sources */,
			);
			runOnlyForDeploymentPostprocessing = 0;
		};
/* End PBXSourcesBuildPhase section */

/* Begin PBXVariantGroup section */
		84601598213D1D8F007A23D4 /* Main.storyboard */ = {
			isa = PBXVariantGroup;
			children = (
				84601599213D1D8F007A23D4 /* Base */,
			);
			name = Main.storyboard;
			sourceTree = "<group>";
		};
		8460159D213D1D8F007A23D4 /* LaunchScreen.storyboard */ = {
			isa = PBXVariantGroup;
			children = (
				8460159E213D1D8F007A23D4 /* Base */,
			);
			name = LaunchScreen.storyboard;
			sourceTree = "<group>";
		};
/* End PBXVariantGroup section */

/* Begin XCBuildConfiguration section */
		846015A1213D1D8F007A23D4 /* Debug */ = {
			isa = XCBuildConfiguration;
			buildSettings = {
				ALWAYS_SEARCH_USER_PATHS = NO;
				CLANG_ANALYZER_NONNULL = YES;
				CLANG_ANALYZER_NUMBER_OBJECT_CONVERSION = YES_AGGRESSIVE;
				CLANG_CXX_LANGUAGE_STANDARD = "gnu++0x";
				CLANG_CXX_LIBRARY = "libc++";
				CLANG_ENABLE_MODULES = YES;
				CLANG_ENABLE_OBJC_ARC = YES;
				CLANG_WARN_BOOL_CONVERSION = YES;
				CLANG_WARN_CONSTANT_CONVERSION = YES;
				CLANG_WARN_DIRECT_OBJC_ISA_USAGE = YES_ERROR;
				CLANG_WARN_DOCUMENTATION_COMMENTS = YES;
				CLANG_WARN_EMPTY_BODY = YES;
				CLANG_WARN_ENUM_CONVERSION = YES;
				CLANG_WARN_INFINITE_RECURSION = YES;
				CLANG_WARN_INT_CONVERSION = YES;
				CLANG_WARN_OBJC_ROOT_CLASS = YES_ERROR;
				CLANG_WARN_SUSPICIOUS_MOVE = YES;
				CLANG_WARN_UNREACHABLE_CODE = YES;
				CLANG_WARN__DUPLICATE_METHOD_MATCH = YES;
				"CODE_SIGN_IDENTITY[sdk=iphoneos*]" = "iPhone Developer";
				COPY_PHASE_STRIP = NO;
				DEBUG_INFORMATION_FORMAT = dwarf;
				ENABLE_STRICT_OBJC_MSGSEND = YES;
				ENABLE_TESTABILITY = YES;
				GCC_C_LANGUAGE_STANDARD = gnu99;
				GCC_DYNAMIC_NO_PIC = NO;
				GCC_NO_COMMON_BLOCKS = YES;
				GCC_OPTIMIZATION_LEVEL = 0;
				GCC_PREPROCESSOR_DEFINITIONS = (
					"DEBUG=1",
					"$(inherited)",
				);
				GCC_WARN_64_TO_32_BIT_CONVERSION = YES;
				GCC_WARN_ABOUT_RETURN_TYPE = YES_ERROR;
				GCC_WARN_UNDECLARED_SELECTOR = YES;
				GCC_WARN_UNINITIALIZED_AUTOS = YES_AGGRESSIVE;
				GCC_WARN_UNUSED_FUNCTION = YES;
				GCC_WARN_UNUSED_VARIABLE = YES;
				IPHONEOS_DEPLOYMENT_TARGET = 10.3;
				MTL_ENABLE_DEBUG_INFO = YES;
				ONLY_ACTIVE_ARCH = YES;
				SDKROOT = iphoneos;
				SWIFT_ACTIVE_COMPILATION_CONDITIONS = DEBUG;
				SWIFT_OPTIMIZATION_LEVEL = "-Onone";
				TARGETED_DEVICE_FAMILY = "1,2";
			};
			name = Debug;
		};
		846015A2213D1D8F007A23D4 /* Release */ = {
			isa = XCBuildConfiguration;
			buildSettings = {
				ALWAYS_SEARCH_USER_PATHS = NO;
				CLANG_ANALYZER_NONNULL = YES;
				CLANG_ANALYZER_NUMBER_OBJECT_CONVERSION = YES_AGGRESSIVE;
				CLANG_CXX_LANGUAGE_STANDARD = "gnu++0x";
				CLANG_CXX_LIBRARY = "libc++";
				CLANG_ENABLE_MODULES = YES;
				CLANG_ENABLE_OBJC_ARC = YES;
				CLANG_WARN_BOOL_CONVERSION = YES;
				CLANG_WARN_CONSTANT_CONVERSION = YES;
				CLANG_WARN_DIRECT_OBJC_ISA_USAGE = YES_ERROR;
				CLANG_WARN_DOCUMENTATION_COMMENTS = YES;
				CLANG_WARN_EMPTY_BODY = YES;
				CLANG_WARN_ENUM_CONVERSION = YES;
				CLANG_WARN_INFINITE_RECURSION = YES;
				CLANG_WARN_INT_CONVERSION = YES;
				CLANG_WARN_OBJC_ROOT_CLASS = YES_ERROR;
				CLANG_WARN_SUSPICIOUS_MOVE = YES;
				CLANG_WARN_UNREACHABLE_CODE = YES;
				CLANG_WARN__DUPLICATE_METHOD_MATCH = YES;
				"CODE_SIGN_IDENTITY[sdk=iphoneos*]" = "iPhone Developer";
				COPY_PHASE_STRIP = NO;
				DEBUG_INFORMATION_FORMAT = "dwarf-with-dsym";
				ENABLE_NS_ASSERTIONS = NO;
				ENABLE_STRICT_OBJC_MSGSEND = YES;
				GCC_C_LANGUAGE_STANDARD = gnu99;
				GCC_NO_COMMON_BLOCKS = YES;
				GCC_WARN_64_TO_32_BIT_CONVERSION = YES;
				GCC_WARN_ABOUT_RETURN_TYPE = YES_ERROR;
				GCC_WARN_UNDECLARED_SELECTOR = YES;
				GCC_WARN_UNINITIALIZED_AUTOS = YES_AGGRESSIVE;
				GCC_WARN_UNUSED_FUNCTION = YES;
				GCC_WARN_UNUSED_VARIABLE = YES;
				IPHONEOS_DEPLOYMENT_TARGET = 10.3;
				MTL_ENABLE_DEBUG_INFO = NO;
				SDKROOT = iphoneos;
				SWIFT_OPTIMIZATION_LEVEL = "-Owholemodule";
				TARGETED_DEVICE_FAMILY = "1,2";
				VALIDATE_PRODUCT = YES;
			};
			name = Release;
		};
		846015A4213D1D8F007A23D4 /* Debug */ = {
			isa = XCBuildConfiguration;
			buildSettings = {
				ASSETCATALOG_COMPILER_APPICON_NAME = AppIcon;
				INFOPLIST_FILE = pitchperfect/Info.plist;
				LD_RUNPATH_SEARCH_PATHS = "$(inherited) @executable_path/Frameworks";
				PRODUCT_BUNDLE_IDENTIFIER = com.anwar.pitchperfect;
				PRODUCT_NAME = "$(TARGET_NAME)";
				SWIFT_VERSION = 3.0;
			};
			name = Debug;
		};
		846015A5213D1D8F007A23D4 /* Release */ = {
			isa = XCBuildConfiguration;
			buildSettings = {
				ASSETCATALOG_COMPILER_APPICON_NAME = AppIcon;
				INFOPLIST_FILE = pitchperfect/Info.plist;
				LD_RUNPATH_SEARCH_PATHS = "$(inherited) @executable_path/Frameworks";
				PRODUCT_BUNDLE_IDENTIFIER = com.anwar.pitchperfect;
				PRODUCT_NAME = "$(TARGET_NAME)";
				SWIFT_VERSION = 3.0;
			};
			name = Release;
		};
/* End XCBuildConfiguration section */

/* Begin XCConfigurationList section */
		8460158C213D1D8F007A23D4 /* Build configuration list for PBXProject "pitchperfect" */ = {
			isa = XCConfigurationList;
			buildConfigurations = (
				846015A1213D1D8F007A23D4 /* Debug */,
				846015A2213D1D8F007A23D4 /* Release */,
			);
			defaultConfigurationIsVisible = 0;
			defaultConfigurationName = Release;
		};
		846015A3213D1D8F007A23D4 /* Build configuration list for PBXNativeTarget "pitchperfect" */ = {
			isa = XCConfigurationList;
			buildConfigurations = (
				846015A4213D1D8F007A23D4 /* Debug */,
				846015A5213D1D8F007A23D4 /* Release */,
			);
			defaultConfigurationIsVisible = 0;
			defaultConfigurationName = Release;
		};
/* End XCConfigurationList section */
	};
	rootObject = 84601589213D1D8F007A23D4 /* Project object */;
}
